{
  "requires": true,
  "lockfileVersion": 1,
  "dependencies": {
    "@nestjs/testing": {
      "version": "7.3.1",
      "resolved": "https://registry.npmjs.org/@nestjs/testing/-/testing-7.3.1.tgz",
      "integrity": "sha512-95u/S2CMBr3bxzt0C4FE6uKPmTQJAAEnARFzNwoWBJgRnMixMZ81+eYGr8CwNcHLsiyHlX4N4Sq5W111XBNzLQ==",
      "dev": true,
      "requires": {
        "optional": "0.1.4",
        "tslib": "2.0.0"
      }
    },
    "optional": {
      "version": "0.1.4",
      "resolved": "https://registry.npmjs.org/optional/-/optional-0.1.4.tgz",
      "integrity": "sha512-gtvrrCfkE08wKcgXaVwQVgwEQ8vel2dc5DDBn9RLQZ3YtmtkBss6A2HY6BnJH4N/4Ku97Ri/SF8sNWE2225WJw==",
      "dev": true
    },
    "tslib": {
      "version": "2.0.0",
      "resolved": "https://registry.npmjs.org/tslib/-/tslib-2.0.0.tgz",
      "integrity": "sha512-lTqkx847PI7xEDYJntxZH89L2/aXInsyF2luSafe/+0fHOMjlBNXdH6th7f70qxLDhul7KZK0zC8V5ZIyHl0/g==",
      "dev": true
    }
  }
}
